
Microsoft Visual Studio Solution File, Format Version 12.00
# Visual Studio Version 17
VisualStudioVersion = 17.14.36301.6 d17.14
MinimumVisualStudioVersion = 10.0.40219.1
Project("{8BC9CEB8-8B4A-11D0-8D11-00A0C91BC942}") = "10.13.5", "10.13.5.vcxproj", "{4CCEF4EE-5B2F-4858-8436-53833577AFCD}"
EndProject
Global
	GlobalSection(SolutionConfigurationPlatforms) = preSolution
		Debug|x64 = Debug|x64
		Debug|x86 = Debug|x86
		Release|x64 = Release|x64
		Release|x86 = Release|x86
	EndGlobalSection
	GlobalSection(ProjectConfigurationPlatforms) = postSolution
		{4CCEF4EE-5B2F-4858-8436-53833577AFCD}.Debug|x64.ActiveCfg = Debug|x64
		{4CCEF4EE-5B2F-4858-8436-53833577AFCD}.Debug|x64.Build.0 = Debug|x64
		{4CCEF4EE-5B2F-4858-8436-53833577AFCD}.Debug|x86.ActiveCfg = Debug|Win32
		{4CCEF4EE-5B2F-4858-8436-53833577AFCD}.Debug|x86.Build.0 = Debug|Win32
		{4CCEF4EE-5B2F-4858-8436-53833577AFCD}.Release|x64.ActiveCfg = Release|x64
		{4CCEF4EE-5B2F-4858-8436-53833577AFCD}.Release|x64.Build.0 = Release|x64
		{4CCEF4EE-5B2F-4858-8436-53833577AFCD}.Release|x86.ActiveCfg = Release|Win32
		{4CCEF4EE-5B2F-4858-8436-53833577AFCD}.Release|x86.Build.0 = Release|Win32
	EndGlobalSection
	GlobalSection(SolutionProperties) = preSolution
		HideSolutionNode = FALSE
	EndGlobalSection
	GlobalSection(ExtensibilityGlobals) = postSolution
		SolutionGuid = {560D9305-D796-402D-A908-839E7E936BE5}
	EndGlobalSection
EndGlobal
