
Microsoft Visual Studio Solution File, Format Version 12.00
# Visual Studio Version 17
VisualStudioVersion = 17.14.36429.23 d17.14
MinimumVisualStudioVersion = 10.0.40219.1
Project("{8BC9CEB8-8B4A-11D0-8D11-00A0C91BC942}") = "P1226 【模板】快速幂", "P1226 【模板】快速幂.vcxproj", "{63F3E7D2-757D-4902-ABED-B88D65999145}"
EndProject
Global
	GlobalSection(SolutionConfigurationPlatforms) = preSolution
		Debug|x64 = Debug|x64
		Debug|x86 = Debug|x86
		Release|x64 = Release|x64
		Release|x86 = Release|x86
	EndGlobalSection
	GlobalSection(ProjectConfigurationPlatforms) = postSolution
		{63F3E7D2-757D-4902-ABED-B88D65999145}.Debug|x64.ActiveCfg = Debug|x64
		{63F3E7D2-757D-4902-ABED-B88D65999145}.Debug|x64.Build.0 = Debug|x64
		{63F3E7D2-757D-4902-ABED-B88D65999145}.Debug|x86.ActiveCfg = Debug|Win32
		{63F3E7D2-757D-4902-ABED-B88D65999145}.Debug|x86.Build.0 = Debug|Win32
		{63F3E7D2-757D-4902-ABED-B88D65999145}.Release|x64.ActiveCfg = Release|x64
		{63F3E7D2-757D-4902-ABED-B88D65999145}.Release|x64.Build.0 = Release|x64
		{63F3E7D2-757D-4902-ABED-B88D65999145}.Release|x86.ActiveCfg = Release|Win32
		{63F3E7D2-757D-4902-ABED-B88D65999145}.Release|x86.Build.0 = Release|Win32
	EndGlobalSection
	GlobalSection(SolutionProperties) = preSolution
		HideSolutionNode = FALSE
	EndGlobalSection
	GlobalSection(ExtensibilityGlobals) = postSolution
		SolutionGuid = {A81ED26E-4BBE-430B-86BC-C5D5A7BA7B8F}
	EndGlobalSection
EndGlobal
