
Microsoft Visual Studio Solution File, Format Version 12.00
# Visual Studio Version 17
VisualStudioVersion = 17.14.36429.23 d17.14
MinimumVisualStudioVersion = 10.0.40219.1
Project("{8BC9CEB8-8B4A-11D0-8D11-00A0C91BC942}") = "P5705 【深基2.例7】数字反转", "P5705 【深基2.例7】数字反转.vcxproj", "{56673067-F75F-4027-8549-00BBB490EE70}"
EndProject
Global
	GlobalSection(SolutionConfigurationPlatforms) = preSolution
		Debug|x64 = Debug|x64
		Debug|x86 = Debug|x86
		Release|x64 = Release|x64
		Release|x86 = Release|x86
	EndGlobalSection
	GlobalSection(ProjectConfigurationPlatforms) = postSolution
		{56673067-F75F-4027-8549-00BBB490EE70}.Debug|x64.ActiveCfg = Debug|x64
		{56673067-F75F-4027-8549-00BBB490EE70}.Debug|x64.Build.0 = Debug|x64
		{56673067-F75F-4027-8549-00BBB490EE70}.Debug|x86.ActiveCfg = Debug|Win32
		{56673067-F75F-4027-8549-00BBB490EE70}.Debug|x86.Build.0 = Debug|Win32
		{56673067-F75F-4027-8549-00BBB490EE70}.Release|x64.ActiveCfg = Release|x64
		{56673067-F75F-4027-8549-00BBB490EE70}.Release|x64.Build.0 = Release|x64
		{56673067-F75F-4027-8549-00BBB490EE70}.Release|x86.ActiveCfg = Release|Win32
		{56673067-F75F-4027-8549-00BBB490EE70}.Release|x86.Build.0 = Release|Win32
	EndGlobalSection
	GlobalSection(SolutionProperties) = preSolution
		HideSolutionNode = FALSE
	EndGlobalSection
	GlobalSection(ExtensibilityGlobals) = postSolution
		SolutionGuid = {CF67E7E9-35EC-4786-A1A4-0CF0427666D9}
	EndGlobalSection
EndGlobal
