
Microsoft Visual Studio Solution File, Format Version 12.00
# Visual Studio Version 17
VisualStudioVersion = 17.14.36429.23 d17.14
MinimumVisualStudioVersion = 10.0.40219.1
Project("{888888A0-9F3D-457C-B088-3A5042F75D52}") = "BCPC E", "BCPC E.pyproj", "{10D7ED33-D9D4-48DA-9C12-22608D8EC894}"
EndProject
Global
	GlobalSection(SolutionConfigurationPlatforms) = preSolution
		Debug|Any CPU = Debug|Any CPU
		Release|Any CPU = Release|Any CPU
	EndGlobalSection
	GlobalSection(ProjectConfigurationPlatforms) = postSolution
		{10D7ED33-D9D4-48DA-9C12-22608D8EC894}.Debug|Any CPU.ActiveCfg = Debug|Any CPU
		{10D7ED33-D9D4-48DA-9C12-22608D8EC894}.Release|Any CPU.ActiveCfg = Release|Any CPU
	EndGlobalSection
	GlobalSection(SolutionProperties) = preSolution
		HideSolutionNode = FALSE
	EndGlobalSection
	GlobalSection(ExtensibilityGlobals) = postSolution
		SolutionGuid = {99DA0438-83A3-4784-97AF-B3660C5FA30A}
	EndGlobalSection
EndGlobal
