
Microsoft Visual Studio Solution File, Format Version 12.00
# Visual Studio Version 17
VisualStudioVersion = 17.14.36301.6 d17.14
MinimumVisualStudioVersion = 10.0.40219.1
Project("{8BC9CEB8-8B4A-11D0-8D11-00A0C91BC942}") = "P1046 [NOIP 2005 普及组] 陶陶摘苹果", "P1046 [NOIP 2005 普及组] 陶陶摘苹果.vcxproj", "{C7F56D04-B71A-404F-8793-64AF927AB020}"
EndProject
Global
	GlobalSection(SolutionConfigurationPlatforms) = preSolution
		Debug|x64 = Debug|x64
		Debug|x86 = Debug|x86
		Release|x64 = Release|x64
		Release|x86 = Release|x86
	EndGlobalSection
	GlobalSection(ProjectConfigurationPlatforms) = postSolution
		{C7F56D04-B71A-404F-8793-64AF927AB020}.Debug|x64.ActiveCfg = Debug|x64
		{C7F56D04-B71A-404F-8793-64AF927AB020}.Debug|x64.Build.0 = Debug|x64
		{C7F56D04-B71A-404F-8793-64AF927AB020}.Debug|x86.ActiveCfg = Debug|Win32
		{C7F56D04-B71A-404F-8793-64AF927AB020}.Debug|x86.Build.0 = Debug|Win32
		{C7F56D04-B71A-404F-8793-64AF927AB020}.Release|x64.ActiveCfg = Release|x64
		{C7F56D04-B71A-404F-8793-64AF927AB020}.Release|x64.Build.0 = Release|x64
		{C7F56D04-B71A-404F-8793-64AF927AB020}.Release|x86.ActiveCfg = Release|Win32
		{C7F56D04-B71A-404F-8793-64AF927AB020}.Release|x86.Build.0 = Release|Win32
	EndGlobalSection
	GlobalSection(SolutionProperties) = preSolution
		HideSolutionNode = FALSE
	EndGlobalSection
	GlobalSection(ExtensibilityGlobals) = postSolution
		SolutionGuid = {9813E697-C862-4C39-A199-2D9197395811}
	EndGlobalSection
EndGlobal
