
Microsoft Visual Studio Solution File, Format Version 12.00
# Visual Studio Version 17
VisualStudioVersion = 17.14.36221.1 d17.14
MinimumVisualStudioVersion = 10.0.40219.1
Project("{8BC9CEB8-8B4A-11D0-8D11-00A0C91BC942}") = "6.15.14", "6.15.14.vcxproj", "{4401DA5B-FB5B-40B1-9015-49D1FF1283F8}"
EndProject
Global
	GlobalSection(SolutionConfigurationPlatforms) = preSolution
		Debug|x64 = Debug|x64
		Debug|x86 = Debug|x86
		Release|x64 = Release|x64
		Release|x86 = Release|x86
	EndGlobalSection
	GlobalSection(ProjectConfigurationPlatforms) = postSolution
		{4401DA5B-FB5B-40B1-9015-49D1FF1283F8}.Debug|x64.ActiveCfg = Debug|x64
		{4401DA5B-FB5B-40B1-9015-49D1FF1283F8}.Debug|x64.Build.0 = Debug|x64
		{4401DA5B-FB5B-40B1-9015-49D1FF1283F8}.Debug|x86.ActiveCfg = Debug|Win32
		{4401DA5B-FB5B-40B1-9015-49D1FF1283F8}.Debug|x86.Build.0 = Debug|Win32
		{4401DA5B-FB5B-40B1-9015-49D1FF1283F8}.Release|x64.ActiveCfg = Release|x64
		{4401DA5B-FB5B-40B1-9015-49D1FF1283F8}.Release|x64.Build.0 = Release|x64
		{4401DA5B-FB5B-40B1-9015-49D1FF1283F8}.Release|x86.ActiveCfg = Release|Win32
		{4401DA5B-FB5B-40B1-9015-49D1FF1283F8}.Release|x86.Build.0 = Release|Win32
	EndGlobalSection
	GlobalSection(SolutionProperties) = preSolution
		HideSolutionNode = FALSE
	EndGlobalSection
	GlobalSection(ExtensibilityGlobals) = postSolution
		SolutionGuid = {10D287DA-E6C4-49C8-8A6C-2BA781E26903}
	EndGlobalSection
EndGlobal
