
Microsoft Visual Studio Solution File, Format Version 12.00
# Visual Studio Version 17
VisualStudioVersion = 17.14.36301.6 d17.14
MinimumVisualStudioVersion = 10.0.40219.1
Project("{8BC9CEB8-8B4A-11D0-8D11-00A0C91BC942}") = "T657906 202508B 机型判断", "T657906 202508B 机型判断.vcxproj", "{8DD59BEE-7397-4D67-9C0F-A917EA4932F6}"
EndProject
Global
	GlobalSection(SolutionConfigurationPlatforms) = preSolution
		Debug|x64 = Debug|x64
		Debug|x86 = Debug|x86
		Release|x64 = Release|x64
		Release|x86 = Release|x86
	EndGlobalSection
	GlobalSection(ProjectConfigurationPlatforms) = postSolution
		{8DD59BEE-7397-4D67-9C0F-A917EA4932F6}.Debug|x64.ActiveCfg = Debug|x64
		{8DD59BEE-7397-4D67-9C0F-A917EA4932F6}.Debug|x64.Build.0 = Debug|x64
		{8DD59BEE-7397-4D67-9C0F-A917EA4932F6}.Debug|x86.ActiveCfg = Debug|Win32
		{8DD59BEE-7397-4D67-9C0F-A917EA4932F6}.Debug|x86.Build.0 = Debug|Win32
		{8DD59BEE-7397-4D67-9C0F-A917EA4932F6}.Release|x64.ActiveCfg = Release|x64
		{8DD59BEE-7397-4D67-9C0F-A917EA4932F6}.Release|x64.Build.0 = Release|x64
		{8DD59BEE-7397-4D67-9C0F-A917EA4932F6}.Release|x86.ActiveCfg = Release|Win32
		{8DD59BEE-7397-4D67-9C0F-A917EA4932F6}.Release|x86.Build.0 = Release|Win32
	EndGlobalSection
	GlobalSection(SolutionProperties) = preSolution
		HideSolutionNode = FALSE
	EndGlobalSection
	GlobalSection(ExtensibilityGlobals) = postSolution
		SolutionGuid = {B62EF2BB-2F2A-46BD-B8FC-EA7FD24A1A6F}
	EndGlobalSection
EndGlobal
