
Microsoft Visual Studio Solution File, Format Version 12.00
# Visual Studio Version 17
VisualStudioVersion = 17.14.36301.6 d17.14
MinimumVisualStudioVersion = 10.0.40219.1
Project("{8BC9CEB8-8B4A-11D0-8D11-00A0C91BC942}") = "7.12.1", "7.12.1.vcxproj", "{39E9E478-46B0-47DC-B8A3-E793A71C93A7}"
EndProject
Global
	GlobalSection(SolutionConfigurationPlatforms) = preSolution
		Debug|x64 = Debug|x64
		Debug|x86 = Debug|x86
		Release|x64 = Release|x64
		Release|x86 = Release|x86
	EndGlobalSection
	GlobalSection(ProjectConfigurationPlatforms) = postSolution
		{39E9E478-46B0-47DC-B8A3-E793A71C93A7}.Debug|x64.ActiveCfg = Debug|x64
		{39E9E478-46B0-47DC-B8A3-E793A71C93A7}.Debug|x64.Build.0 = Debug|x64
		{39E9E478-46B0-47DC-B8A3-E793A71C93A7}.Debug|x86.ActiveCfg = Debug|Win32
		{39E9E478-46B0-47DC-B8A3-E793A71C93A7}.Debug|x86.Build.0 = Debug|Win32
		{39E9E478-46B0-47DC-B8A3-E793A71C93A7}.Release|x64.ActiveCfg = Release|x64
		{39E9E478-46B0-47DC-B8A3-E793A71C93A7}.Release|x64.Build.0 = Release|x64
		{39E9E478-46B0-47DC-B8A3-E793A71C93A7}.Release|x86.ActiveCfg = Release|Win32
		{39E9E478-46B0-47DC-B8A3-E793A71C93A7}.Release|x86.Build.0 = Release|Win32
	EndGlobalSection
	GlobalSection(SolutionProperties) = preSolution
		HideSolutionNode = FALSE
	EndGlobalSection
	GlobalSection(ExtensibilityGlobals) = postSolution
		SolutionGuid = {00D92B0E-7B09-437B-B40C-61BBA1653207}
	EndGlobalSection
EndGlobal
