
Microsoft Visual Studio Solution File, Format Version 12.00
# Visual Studio Version 17
VisualStudioVersion = 17.14.36221.1 d17.14
MinimumVisualStudioVersion = 10.0.40219.1
Project("{8BC9CEB8-8B4A-11D0-8D11-00A0C91BC942}") = "5.11.2", "5.11.2.vcxproj", "{A183E08E-3D39-4C72-9623-224E6C783793}"
EndProject
Global
	GlobalSection(SolutionConfigurationPlatforms) = preSolution
		Debug|x64 = Debug|x64
		Debug|x86 = Debug|x86
		Release|x64 = Release|x64
		Release|x86 = Release|x86
	EndGlobalSection
	GlobalSection(ProjectConfigurationPlatforms) = postSolution
		{A183E08E-3D39-4C72-9623-224E6C783793}.Debug|x64.ActiveCfg = Debug|x64
		{A183E08E-3D39-4C72-9623-224E6C783793}.Debug|x64.Build.0 = Debug|x64
		{A183E08E-3D39-4C72-9623-224E6C783793}.Debug|x86.ActiveCfg = Debug|Win32
		{A183E08E-3D39-4C72-9623-224E6C783793}.Debug|x86.Build.0 = Debug|Win32
		{A183E08E-3D39-4C72-9623-224E6C783793}.Release|x64.ActiveCfg = Release|x64
		{A183E08E-3D39-4C72-9623-224E6C783793}.Release|x64.Build.0 = Release|x64
		{A183E08E-3D39-4C72-9623-224E6C783793}.Release|x86.ActiveCfg = Release|Win32
		{A183E08E-3D39-4C72-9623-224E6C783793}.Release|x86.Build.0 = Release|Win32
	EndGlobalSection
	GlobalSection(SolutionProperties) = preSolution
		HideSolutionNode = FALSE
	EndGlobalSection
	GlobalSection(ExtensibilityGlobals) = postSolution
		SolutionGuid = {CD49B00E-FD52-421D-9CD9-CB04A1AB28D4}
	EndGlobalSection
EndGlobal
