
Microsoft Visual Studio Solution File, Format Version 12.00
# Visual Studio Version 17
VisualStudioVersion = 17.14.36221.1 d17.14
MinimumVisualStudioVersion = 10.0.40219.1
Project("{8BC9CEB8-8B4A-11D0-8D11-00A0C91BC942}") = "3.1 例", "3.1 例.vcxproj", "{D72A7545-A9B1-48AB-8675-F5A5884752B3}"
EndProject
Global
	GlobalSection(SolutionConfigurationPlatforms) = preSolution
		Debug|x64 = Debug|x64
		Debug|x86 = Debug|x86
		Release|x64 = Release|x64
		Release|x86 = Release|x86
	EndGlobalSection
	GlobalSection(ProjectConfigurationPlatforms) = postSolution
		{D72A7545-A9B1-48AB-8675-F5A5884752B3}.Debug|x64.ActiveCfg = Debug|x64
		{D72A7545-A9B1-48AB-8675-F5A5884752B3}.Debug|x64.Build.0 = Debug|x64
		{D72A7545-A9B1-48AB-8675-F5A5884752B3}.Debug|x86.ActiveCfg = Debug|Win32
		{D72A7545-A9B1-48AB-8675-F5A5884752B3}.Debug|x86.Build.0 = Debug|Win32
		{D72A7545-A9B1-48AB-8675-F5A5884752B3}.Release|x64.ActiveCfg = Release|x64
		{D72A7545-A9B1-48AB-8675-F5A5884752B3}.Release|x64.Build.0 = Release|x64
		{D72A7545-A9B1-48AB-8675-F5A5884752B3}.Release|x86.ActiveCfg = Release|Win32
		{D72A7545-A9B1-48AB-8675-F5A5884752B3}.Release|x86.Build.0 = Release|Win32
	EndGlobalSection
	GlobalSection(SolutionProperties) = preSolution
		HideSolutionNode = FALSE
	EndGlobalSection
	GlobalSection(ExtensibilityGlobals) = postSolution
		SolutionGuid = {05E78645-42C8-4B65-BA83-E0D5484D5C79}
	EndGlobalSection
EndGlobal
