
Microsoft Visual Studio Solution File, Format Version 12.00
# Visual Studio Version 17
VisualStudioVersion = 17.14.36301.6 d17.14
MinimumVisualStudioVersion = 10.0.40219.1
Project("{8BC9CEB8-8B4A-11D0-8D11-00A0C91BC942}") = "7.12.4", "7.12.4.vcxproj", "{C52AE634-A49A-4E6C-A8E8-889D4C1937CE}"
EndProject
Global
	GlobalSection(SolutionConfigurationPlatforms) = preSolution
		Debug|x64 = Debug|x64
		Debug|x86 = Debug|x86
		Release|x64 = Release|x64
		Release|x86 = Release|x86
	EndGlobalSection
	GlobalSection(ProjectConfigurationPlatforms) = postSolution
		{C52AE634-A49A-4E6C-A8E8-889D4C1937CE}.Debug|x64.ActiveCfg = Debug|x64
		{C52AE634-A49A-4E6C-A8E8-889D4C1937CE}.Debug|x64.Build.0 = Debug|x64
		{C52AE634-A49A-4E6C-A8E8-889D4C1937CE}.Debug|x86.ActiveCfg = Debug|Win32
		{C52AE634-A49A-4E6C-A8E8-889D4C1937CE}.Debug|x86.Build.0 = Debug|Win32
		{C52AE634-A49A-4E6C-A8E8-889D4C1937CE}.Release|x64.ActiveCfg = Release|x64
		{C52AE634-A49A-4E6C-A8E8-889D4C1937CE}.Release|x64.Build.0 = Release|x64
		{C52AE634-A49A-4E6C-A8E8-889D4C1937CE}.Release|x86.ActiveCfg = Release|Win32
		{C52AE634-A49A-4E6C-A8E8-889D4C1937CE}.Release|x86.Build.0 = Release|Win32
	EndGlobalSection
	GlobalSection(SolutionProperties) = preSolution
		HideSolutionNode = FALSE
	EndGlobalSection
	GlobalSection(ExtensibilityGlobals) = postSolution
		SolutionGuid = {0CAB8CFA-3669-475E-A4D0-69F66EDB5A84}
	EndGlobalSection
EndGlobal
